agent-detector==2.0.0
aiohappyeyeballs==2.7.1
aiohttp==3.14.3
aiosignal==1.4.0
annotated-doc==0.0.5
annotated-types==0.8.0
anthropic==1.4.0
anyio==4.15.1
apache-tvm-ffi==0.1.10
astor==0.8.1
attrs==26.1.0
blake3==1.0.9
cachetools==7.1.8
cbor2==6.1.4
certifi==2026.7.22
cffi==2.1.1
cfgv==3.5.0
charset-normalizer==3.5.1
click==8.5.0
cloudpickle==3.1.2
compressed-tensors==0.17.0
contourpy==1.3.3
cryptography==50.0.1
cuda-bindings==13.3.1
cuda-core==1.0.1
cuda-pathfinder==1.8.1
cuda-python==13.3.1
cuda-tile==1.5.0
cycler==0.12.1
depyf==0.20.0
detect-installer==0.2.1
dill==0.4.1
distlib==0.4.3
distro==1.9.0
dnspython==2.8.0
docstring_parser==0.18.0
einops==0.8.2
elastic-transport==9.4.2
elasticsearch==9.5.0
email-validator==2.3.0
fastapi==0.136.3
fastapi-cli==0.0.32
fastapi-cloud-cli==0.25.0
fastar==0.12.0
fastsafetensors==0.4.0
filelock==3.32.6
flashinfer-python==0.6.14
fonttools==4.64.0
frozenlist==1.8.0
fsspec==2026.7.0
googleapis-common-protos==1.75.3
graphviz==0.21
grpcio==1.83.1
h11==0.16.0
hf-xet==1.6.0
httpcore==1.0.9
httpcore2==2.12.0
httptools==0.8.0
httpx==0.28.1
httpx2==2.12.0
huggingface_hub==1.30.0
humming-kernels==0.1.10
identify==2.6.19
idna==3.19
ijson==3.5.1
interegular==0.3.3
Jinja2==3.1.6
jiter==0.16.0
jmespath==1.1.0
jsonschema==4.26.0
jsonschema-specifications==2025.9.1
kiwisolver==1.5.1
lark==1.2.2
linkify-it-py==2.2.0
llguidance==1.7.6
llvmlite==0.47.0
lm-format-enforcer==0.11.3
loguru==0.7.3
markdown-it-py==4.2.0
MarkupSafe==3.0.3
matplotlib==3.11.1
mcp==2.2.0
mcp-types==2.2.0
mdit-py-plugins==0.6.1
mdurl==0.1.2
mistral_common==1.11.7
ml_dtypes==0.5.4
model-hosting-container-standards==0.1.16
mpmath==1.3.0
msgspec==0.21.1
multidict==6.7.1
networkx==3.6.1
ninja==1.13.2
nodeenv==1.10.0
numba==0.65.0
numpy==1.26.4
nvidia-cuda-cccl==13.3.3.4.1
nvidia-cuda-crt==13.3.73
nvidia-cuda-nvcc==13.3.73
nvidia-cuda-nvdisasm==13.3.73
nvidia-cuda-nvrtc==13.3.33
nvidia-cuda-runtime==13.3.29
nvidia-cudnn-frontend==1.28.0
nvidia-cutlass-dsl==4.6.0
nvidia-cutlass-dsl-libs-base==4.6.0
nvidia-cutlass-dsl-libs-core==4.6.0
nvidia-cutlass-dsl-libs-cu12==4.6.0
nvidia-cutlass-dsl-libs-cu13==4.6.0
nvidia-ml-py==13.610.43
nvidia-nvvm==13.3.73
nvtx==0.2.15
openai==3.10.0
openai-harmony==0.0.8
opencv-python-headless==4.11.0.86
opentelemetry-api==1.44.0
opentelemetry-exporter-otlp==1.44.0
opentelemetry-exporter-otlp-proto-common==1.44.0
opentelemetry-exporter-otlp-proto-grpc==1.44.0
opentelemetry-exporter-otlp-proto-http==1.44.0
opentelemetry-proto==1.44.0
opentelemetry-sdk==1.44.0
opentelemetry-semantic-conventions==0.65b0
opentelemetry-semantic-conventions-ai==0.5.1
outlines_core==0.2.14
packaging==26.3
pandas==3.0.5
partial-json-parser==0.2.1.1.post7
pillow==12.3.0
platformdirs==4.11.8
pre_commit==4.6.2
prometheus-fastapi-instrumentator==8.1.0
prometheus_client==0.26.0
propcache==0.5.2
protobuf==6.33.6
psutil==7.2.2
py-cpuinfo==9.0.0
pybase64==1.5.0
pycountry==26.2.16
pycparser==3.0
pydantic==2.13.5
pydantic-extra-types==2.11.1
pydantic-settings==2.15.0
pydantic_core==2.46.5
pyelftools==0.33
Pygments==2.21.0
PyJWT==2.13.0
pyluwen==0.9.0
pynvvideocodec==2.0.4
pyparsing==3.3.2
python-dateutil==2.9.0.post0
python-discovery==1.6.0
python-dotenv==1.2.3
python-json-logger==4.2.0
python-multipart==0.0.32
PyYAML==6.0.3
pyzmq==27.2.0
quack-kernels==0.6.3
referencing==0.37.0
regex==2026.9.3
requests==2.34.2
rich==15.0.0
rich-toolkit==0.20.5
rignore==0.8.1
rpds-py==2026.6.3
safetensors==0.8.0
seaborn==0.13.2
sentencepiece==0.2.2
sentry-sdk==2.69.1
setproctitle==1.3.7
setuptools==80.10.2
setuptools-scm==8.1.0
shellingham==1.5.4
six==1.17.0
sniffio==1.3.1
sse-starlette==3.4.11
starlette==1.6.0
supervisor==4.3.0
sympy==1.14.0
tabulate==0.10.0
tblib==3.2.2
textual==8.2.8
tiktoken==0.14.0
tilelang==0.1.9
tokenizers==0.22.2
tokenspeed-mla==0.1.8
tokenspeed-triton==3.8.10.post20260906
tomli==2.4.1
torch==2.11.0+cpu
torch_c_dlpack_ext==0.1.5
torchcodec==0.16.0+cpu
torchvision==0.26.0+cpu
tqdm==4.70.0
transformers==5.14.1
triton==3.8.0
truststore==0.10.4
tt-smi==6.4.1
tt-tools-common==1.6.0
tt-umd==0.9.8
ttnn==0.65.2.dev9797
ttnn==0.75.0rc10.dev1336+g8e18a76b7a2.d20260909
typer==0.27.2
typing-inspection==0.4.4
typing_extensions==4.16.0
urllib3==2.7.0
uvicorn==0.52.4
uvloop==0.22.1
virtualenv==21.7.9
vllm==0.26.0+empty
vllm-tt-plugin==0.1.0
watchfiles==1.2.0
websockets==17.1
wheel==0.48.0
xgrammar==0.2.6
yarl==1.24.5
z3-solver==4.15.4.0
